{
  "lockfileVersion": 1,
  "configVersion": 1,
  "workspaces": {
    "": {
      "name": "snow-agent",
      "devDependencies": {
        "prettier": "^3.7.4",
        "turbo": "^2.9.6",
        "typescript": "5.9.2",
      },
    },
    "apps/cli": {
      "name": "cli",
      "dependencies": {
        "@opentui/core": "^0.4.3",
        "@opentui/react": "^0.4.3",
        "@types/react": "^19.2.17",
        "opentui-spinner": "^0.0.7",
        "react": "^19.2.7",
        "react-router": "^8.2.0",
        "shared": "*",
      },
      "devDependencies": {
        "@types/bun": "^1.3.14",
      },
      "peerDependencies": {
        "typescript": "^7.0.2",
      },
    },
    "apps/server": {
      "name": "server",
      "dependencies": {
        "@ai-sdk/anthropic": "^4.0.15",
        "@ai-sdk/google": "^4.0.16",
        "@ai-sdk/openai": "^4.0.14",
        "@hono/zod-validator": "^0.9.0",
        "@types/node": "^26.1.1",
        "ai": "^7.0.28",
        "hono": "^4.12.30",
        "jsonwebtoken": "^9.0.3",
        "zod": "^4.4.3",
      },
      "devDependencies": {
        "@types/bun": "^1.3.14",
        "@types/jsonwebtoken": "^9.0.10",
        "db": "*",
        "shared": "*",
      },
      "peerDependencies": {
        "typescript": "^7.0.2",
      },
    },
    "packages/db": {
      "name": "db",
    },
    "packages/shared": {
      "name": "shared",
      "version": "1.0.0",
      "dependencies": {
        "ai": "^7.0.28",
        "zod": "^4.4.3",
      },
      "devDependencies": {
        "typescript": "^7.0.2",
      },
    },
  },
  "packages": {
    "@ai-sdk/anthropic": ["@ai-sdk/anthropic@4.0.15", "", { "dependencies": { "@ai-sdk/provider": "4.0.3", "@ai-sdk/provider-utils": "5.0.10" }, "peerDependencies": { "zod": "^3.25.76 || ^4.1.8" } }, "sha512-6iVlzqZjqqoHTmgO1WU9id/33pYykIRasWJFAMf1+d+nhju6d7566VRFsOGZ2W2GzgNtzKs8DGsYN7X5/wOGuw=="],

    "@ai-sdk/gateway": ["@ai-sdk/gateway@4.0.20", "", { "dependencies": { "@ai-sdk/provider": "4.0.3", "@ai-sdk/provider-utils": "5.0.10", "@vercel/oidc": "3.2.0" }, "peerDependencies": { "zod": "^3.25.76 || ^4.1.8" } }, "sha512-m3PdYs0yqSxswsrEhVj64wDLgFs35Zxl8liLNuWGzE7bwBLF6Mhu0E5rPpDNJbIjyQpA4aMKOOWBfjERw2zvPw=="],

    "@ai-sdk/google": ["@ai-sdk/google@4.0.16", "", { "dependencies": { "@ai-sdk/provider": "4.0.3", "@ai-sdk/provider-utils": "5.0.10" }, "peerDependencies": { "zod": "^3.25.76 || ^4.1.8" } }, "sha512-6Iol15lTCUvLJ4jNGbtyT5b3xsF2mbcMkcaQTYFQiRijrFjTMrge0e6Xl5V9n+7g7KfrD377bk5yRFViHTvYUQ=="],

    "@ai-sdk/openai": ["@ai-sdk/openai@4.0.14", "", { "dependencies": { "@ai-sdk/provider": "4.0.3", "@ai-sdk/provider-utils": "5.0.10" }, "peerDependencies": { "zod": "^3.25.76 || ^4.1.8" } }, "sha512-MnwhHrPOyFYvnOV5p0Iwxwuxnn0/hQbG3rXAyRAsYqfFTrzHJRU2p7BQtKX2PZWH+59iBYBFA2n4GFYC3KEK+g=="],

    "@ai-sdk/provider": ["@ai-sdk/provider@4.0.3", "", { "dependencies": { "json-schema": "^0.4.0" } }, "sha512-e0CpNWJUY7OxAFAnCZkw+ri9QOHWwTs1tXP42782KFGCU07qt8NiXCrCVowyCB5dP2r5/Uls+g2oPd8kOJn9dw=="],

    "@ai-sdk/provider-utils": ["@ai-sdk/provider-utils@5.0.10", "", { "dependencies": { "@ai-sdk/provider": "4.0.3", "@standard-schema/spec": "^1.1.0", "@workflow/serde": "4.1.0", "eventsource-parser": "^3.0.8" }, "peerDependencies": { "zod": "^3.25.76 || ^4.1.8" } }, "sha512-uPyec0+85dwxZYXtb8qe8gCjhjDfxP4LCDo/uRQS/iG+FIgYbHPRhr/ys281udG90bTaE18+5cxWraYaf8oHCw=="],

    "@hono/zod-validator": ["@hono/zod-validator@0.9.0", "", { "peerDependencies": { "hono": ">=4.11.2", "zod": "^3.25.0 || ^4.0.0" } }, "sha512-n0ZSXmCiHVIp4Y5wlOOyZCeTd/rsawA/qW1cipB8QOYKZ9N8Tk0nZUZCXho9cu374AN4JpDNKioNKBJ/W+LBug=="],

    "@opentui/core": ["@opentui/core@0.4.3", "", { "dependencies": { "bun-ffi-structs": "0.2.4", "diff": "9.0.0", "marked": "17.0.1", "string-width": "7.2.0", "strip-ansi": "7.1.2" }, "optionalDependencies": { "@opentui/core-darwin-arm64": "0.4.3", "@opentui/core-darwin-x64": "0.4.3", "@opentui/core-linux-arm64": "0.4.3", "@opentui/core-linux-arm64-musl": "0.4.3", "@opentui/core-linux-x64": "0.4.3", "@opentui/core-linux-x64-musl": "0.4.3", "@opentui/core-win32-arm64": "0.4.3", "@opentui/core-win32-x64": "0.4.3" }, "peerDependencies": { "web-tree-sitter": "0.25.10" } }, "sha512-rrJfAk13tALDqldYjhc78eWQ+aKq1iknJgffIOg3OwyZoqQo+p6gtuqyhmWvXIfQzlNUbpgpCPcxbXlhMnlaHQ=="],

    "@opentui/core-darwin-arm64": ["@opentui/core-darwin-arm64@0.4.3", "", { "os": "darwin", "cpu": "arm64" }, "sha512-p5+7AAxpxGuDGagyQfewKtmTFnN7THvTVY4FyKqUtJomNaHdQXPHztapNNzMx0DGWbwOUbVKzpL+yc3CZY3chQ=="],

    "@opentui/core-darwin-x64": ["@opentui/core-darwin-x64@0.4.3", "", { "os": "darwin", "cpu": "x64" }, "sha512-+fh0vEUE0lwVC7RW5ijYLRlTLp5NfvCRj8SzxDVd7IL2j2ssB6YXcfIbXq2EW7UGnrejwPRXf1tgUrIXW9KmOw=="],

    "@opentui/core-linux-arm64": ["@opentui/core-linux-arm64@0.4.3", "", { "os": "linux", "cpu": "arm64" }, "sha512-gl6qA5QJy6u8Cbt7gOtHbhhfMZ4qQDb0kEwFXHcMGmbnKzz4OHoq74D6tNjyvSQB9saoC7C6C0tvn2DcJOuNog=="],

    "@opentui/core-linux-arm64-musl": ["@opentui/core-linux-arm64-musl@0.4.3", "", { "os": "linux", "cpu": "arm64" }, "sha512-8p8g8/AEq/xFGpQ7XcIFKcAqjc0QwsZcv+Ll9RbCDpUA56FGH6jfLDir0KYTNTgYXJTIrBIENI9K46VuxMUMQA=="],

    "@opentui/core-linux-x64": ["@opentui/core-linux-x64@0.4.3", "", { "os": "linux", "cpu": "x64" }, "sha512-dXpJitiZdYE3hq2Pvx6e9I0uPQSOcnaLLp1pDgWAHv+3kvKSHEX//9Yr/pV/Ua6qqT7p+2D/K4vXNap/NKVo2w=="],

    "@opentui/core-linux-x64-musl": ["@opentui/core-linux-x64-musl@0.4.3", "", { "os": "linux", "cpu": "x64" }, "sha512-/QiFpCrpU2O7vy8QYmLIQYbvAtKDgmqcVjR7dGtqSzkiQk3ktNJoo5RozG7ueXnjung1Wp0nKldKxo2Csg/OrA=="],

    "@opentui/core-win32-arm64": ["@opentui/core-win32-arm64@0.4.3", "", { "os": "win32", "cpu": "arm64" }, "sha512-Mx2zuOjrhm/z2SDS6RExIyjP/SnN/8QhhagxURUw0jQi/NssGSeAllu1cBAFFnhobJL5QLTE4FU4CRhUK9svgg=="],

    "@opentui/core-win32-x64": ["@opentui/core-win32-x64@0.4.3", "", { "os": "win32", "cpu": "x64" }, "sha512-NuoqvWKGXaYnmlqvu7Gg2lLI6yVMnS9OfWBvxp+7Q+McSgHFSTQmYBXaPpvQ8HikpQXE1nCeMPtuSG4PdZHe2w=="],

    "@opentui/react": ["@opentui/react@0.4.3", "", { "dependencies": { "@opentui/core": "0.4.3", "react-reconciler": "^0.33.0" }, "peerDependencies": { "react": ">=19.2.0", "react-devtools-core": "^7.0.1", "ws": "^8.18.0" } }, "sha512-HtC/+lMURaZlifiJNVsn84YqKMywXQmkeSNbUTlbbeS6YM6reahaacnZEYZdnEUgklO6+r/J1tG8UBhqO26X7Q=="],

    "@standard-schema/spec": ["@standard-schema/spec@1.1.0", "", {}, "sha512-l2aFy5jALhniG5HgqrD6jXLi/rUWrKvqN/qJx6yoJsgKhblVd+iqqU4RCXavm/jPityDo5TCvKMnpjKnOriy0w=="],

    "@turbo/darwin-64": ["@turbo/darwin-64@2.10.5", "", { "os": "darwin", "cpu": "x64" }, "sha512-ENvPwy3x5yS7MwNYHeWjqOBXkwIMp39Pd+/zXC6PoiNzF8EIvvLZOZZ+ny6L9x4WgS5vxUii2LM5gM+zjPdnWw=="],

    "@turbo/darwin-arm64": ["@turbo/darwin-arm64@2.10.5", "", { "os": "darwin", "cpu": "arm64" }, "sha512-rqROo9zsF/P9RqsdtbLD1nFJicjSrYyvQ9kNJC38AbxA3pAs6VAlATvtvOFx7bqOv6vicf20SP9kF33avJjy2w=="],

    "@turbo/linux-64": ["@turbo/linux-64@2.10.5", "", { "os": "linux", "cpu": "x64" }, "sha512-RoSSiNFUxi27zLJuM9F6GyWWjHgLch9t6nwD6K0FkXRirZkTLlzIj6IhFnK8H9++nefLtdFqylE4vGjZAv6AAA=="],

    "@turbo/linux-arm64": ["@turbo/linux-arm64@2.10.5", "", { "os": "linux", "cpu": "arm64" }, "sha512-4ZComcpzmHGmVynQqvvi+iZOSq/tBvY1SltXB8g4NZRsrA01W8E+yRL8RNM+PLoyWsrCnJa8xa+DkWkv+xg4iQ=="],

    "@turbo/windows-64": ["@turbo/windows-64@2.10.5", "", { "os": "win32", "cpu": "x64" }, "sha512-eL2Iyj4DbMINq1Sr1w0iAi6nAiZOF16KSlRGwCJpVh+IWZeY33MAsLHVOBMj1xoFtncVJXclCVpTPL2nBoYkFg=="],

    "@turbo/windows-arm64": ["@turbo/windows-arm64@2.10.5", "", { "os": "win32", "cpu": "arm64" }, "sha512-sog+wP+8YSJrdWZ/rUJg8xghVTrwoG+BrSlDQpnK5fzSgJHn1INRWXbVWRH0d3vX8dBI01E3yxXRre9Dn+OXQA=="],

    "@types/bun": ["@types/bun@1.3.14", "", { "dependencies": { "bun-types": "1.3.14" } }, "sha512-h1hFqFVcvAvD9j9K7ZW7vd82aSA+rTdznZa+5bwvCwqSB1jmmfLcbIWhOLx1/+boy/xmjgCs/OMUL8hRJSmnPw=="],

    "@types/jsonwebtoken": ["@types/jsonwebtoken@9.0.10", "", { "dependencies": { "@types/ms": "*", "@types/node": "*" } }, "sha512-asx5hIG9Qmf/1oStypjanR7iKTv0gXQ1Ov/jfrX6kS/EO0OFni8orbmGCn0672NHR3kXHwpAwR+B368ZGN/2rA=="],

    "@types/ms": ["@types/ms@2.1.0", "", {}, "sha512-GsCCIZDE/p3i96vtEqx+7dBUGXrc7zeSK3wwPHIaRThS+9OhWIXRqzs4d6k1SVU8g91DrNRWxWUGhp5KXQb2VA=="],

    "@types/node": ["@types/node@26.1.1", "", { "dependencies": { "undici-types": "~8.3.0" } }, "sha512-nxAkRSVkN1Y0JC1W8ky/fTfkGsMmcrRsbx+3XoZE+rMOX71kLYTV7fLXpqud1GpbpP5TuffXFqfX7fH2GgZREw=="],

    "@types/react": ["@types/react@19.2.17", "", { "dependencies": { "csstype": "^3.2.2" } }, "sha512-MXfmqaVPEVgkBT/aY0aGCkRWWtByiYQXo3xdQ8r5RzuFrPiRn8Gar2tQdXSUQ2GKV3bkXckek89V8wQBY2Q/Aw=="],

    "@typescript/typescript-aix-ppc64": ["@typescript/typescript-aix-ppc64@7.0.2", "", { "os": "aix", "cpu": "ppc64" }, "sha512-MTKKkWB7p/0E9xi1d1tHtZ5PiLkGEMIq88pK2CubZjOsLtYTLqhgIgi6zepFa+9GHZ6h05NMCkQxGKiPXMxXtQ=="],

    "@typescript/typescript-darwin-arm64": ["@typescript/typescript-darwin-arm64@7.0.2", "", { "os": "darwin", "cpu": "arm64" }, "sha512-gowzar9MwS/aRWp6f3a4KUqzRjAZjOsmGNCM6LcTgXum+dBfgsBVMN+AgvOCCbguXyick6LJhpBszxMebJ8syA=="],

    "@typescript/typescript-darwin-x64": ["@typescript/typescript-darwin-x64@7.0.2", "", { "os": "darwin", "cpu": "x64" }, "sha512-SZ9xZInqApNlNGc9s0W1VSsktYSOe9cFqNOIqmN1Gs8SmkjKZYFt017G4VwPxASInODuAdbTW7sXiFUf893RgA=="],

    "@typescript/typescript-freebsd-arm64": ["@typescript/typescript-freebsd-arm64@7.0.2", "", { "os": "freebsd", "cpu": "arm64" }, "sha512-W5NH4y/J0plIIS5b2xvTEkU7JFxyqdMAOgf+Ilhl0vHQXKO5dZoxd+C/jEtq56c4F3wk71RB4BMRQ2XdI+bwYQ=="],

    "@typescript/typescript-freebsd-x64": ["@typescript/typescript-freebsd-x64@7.0.2", "", { "os": "freebsd", "cpu": "x64" }, "sha512-UMGDx5sTpzNw3WiPebH7l90IWfJggEd+egHt/q6p7/Cm3zqoV7VxkGXt+3DxPIw8CcmvAB0j3sVVfbhX+M4Tpw=="],

    "@typescript/typescript-linux-arm": ["@typescript/typescript-linux-arm@7.0.2", "", { "os": "linux", "cpu": "arm" }, "sha512-gffT3xPz9sR7j/YJExkyPntrI0P2EP9XbOyWzth2/Gs0RstK+90RBcO0ncXoXy/beYll1SXw846Nf2zdnEz0QQ=="],

    "@typescript/typescript-linux-arm64": ["@typescript/typescript-linux-arm64@7.0.2", "", { "os": "linux", "cpu": "arm64" }, "sha512-Qh4eU4/y3yDjnfjjyPYihMj5/ODIlmt+Bzu17OI+fiSRDW57QmU5SiN63exPRNJPKUzcc1INa1NXdrJ+MqHjUQ=="],

    "@typescript/typescript-linux-loong64": ["@typescript/typescript-linux-loong64@7.0.2", "", { "os": "linux", "cpu": "none" }, "sha512-uEHck9i8hoAzXPiYRib1O7miOnz23SxIeVl6F4LXox+qov1K35jHcEW6VHKvZI+pyvl7fZEP4MCU5LYvIq1GuQ=="],

    "@typescript/typescript-linux-mips64el": ["@typescript/typescript-linux-mips64el@7.0.2", "", { "os": "linux", "cpu": "none" }, "sha512-R4KvAMnE43W5Qeqb0Ly56O3mWMWIAgsMyz36DCaycd5nbg/9kzm0liw3JocfRqyJY0KPmzFjbswozXyW0DnIYA=="],

    "@typescript/typescript-linux-ppc64": ["@typescript/typescript-linux-ppc64@7.0.2", "", { "os": "linux", "cpu": "ppc64" }, "sha512-DORx5b3sd/4S7eayxm4FQv+A7CrkUIGRaHiwI8oiHTAI1fAPWhF4J0vAlkC8biAlHSVVwxMQ3tjZ2/DVbnQiiA=="],

    "@typescript/typescript-linux-riscv64": ["@typescript/typescript-linux-riscv64@7.0.2", "", { "os": "linux", "cpu": "none" }, "sha512-wf0jqEDOjrPRnKwYRyyJDRo11KMbvMFrU+q4zqKyChODBzvlkbhNQfKvLxQCcwTpdDaXSHZTVuh0JoCrKCUMHQ=="],

    "@typescript/typescript-linux-s390x": ["@typescript/typescript-linux-s390x@7.0.2", "", { "os": "linux", "cpu": "s390x" }, "sha512-IkwJc3L7yhytWd/ewjyxNDfOmswCm9GWMJT/ue/dU4aZNbwZeYAetq42VyLmsmSjvoX7z74X6ZaYCtzAr0EuGw=="],

    "@typescript/typescript-linux-x64": ["@typescript/typescript-linux-x64@7.0.2", "", { "os": "linux", "cpu": "x64" }, "sha512-EYdf2cNg7rgCWJnxCdJ+F3V39O8ihb37eHAu1LK8oAFizgTQbPOK7zHHXbPt8rX24COqODXeI3sIf0fCXG7H/A=="],

    "@typescript/typescript-netbsd-arm64": ["@typescript/typescript-netbsd-arm64@7.0.2", "", { "os": "none", "cpu": "arm64" }, "sha512-+polYF4MF04aPpO5FTkHran9yUQDSXqy5GiSDKpsll5jy3l3+g9QLhpf39T+ePtefhXLOGrLl0QIjkQP6VnelA=="],

    "@typescript/typescript-netbsd-x64": ["@typescript/typescript-netbsd-x64@7.0.2", "", { "os": "none", "cpu": "x64" }, "sha512-8YIT0EHM/3dq10ZOVF/A7pc/YSMtbcecct4rWtexrnSCHOPcpC2KTLXfTCR6vDpnSiY12heNb1GiN/wu+T/FyA=="],

    "@typescript/typescript-openbsd-arm64": ["@typescript/typescript-openbsd-arm64@7.0.2", "", { "os": "openbsd", "cpu": "arm64" }, "sha512-APT8+ClYnuYm1u9+kgGXoMj2VzWzcymwh2gNSQVySHfkRDGOTVkoWLjCmOQSaO+PoqQ57B0flRp9SA+7GnnkzQ=="],

    "@typescript/typescript-openbsd-x64": ["@typescript/typescript-openbsd-x64@7.0.2", "", { "os": "openbsd", "cpu": "x64" }, "sha512-yX7s+Q0Dln0Dt9tEzZsAjXXR/+ytBM7AlglaqyeMPxQszJ1JhlJdZ6jLA+IzldHtflX81em7lDao1xXu+aRRkg=="],

    "@typescript/typescript-sunos-x64": ["@typescript/typescript-sunos-x64@7.0.2", "", { "os": "sunos", "cpu": "x64" }, "sha512-dLJDGaLZ1D4HPQn62u1n8mBDkJREwMsAkCdkwd4Ieqw+x3TUyTsqY0YiBCtE6H6OzzgGk3iuZ3vFWRS+E8/d1g=="],

    "@typescript/typescript-win32-arm64": ["@typescript/typescript-win32-arm64@7.0.2", "", { "os": "win32", "cpu": "arm64" }, "sha512-Gyl1Vy6OsWesLzmq+EP0Fb7b4Nid5232AvcA2SFcdYreldpNtYFFofPjnt62y9hQy7VTaZp65ICJjuAQRaVcIQ=="],

    "@typescript/typescript-win32-x64": ["@typescript/typescript-win32-x64@7.0.2", "", { "os": "win32", "cpu": "x64" }, "sha512-0BQ3HkAHHlKLSp1qRvf3SUhGpGsDuhB/jgFw75guyqbxJqEaS0Cw/VFO8i2nHglJUzQCRtMMR/IBAKE3ETMC4g=="],

    "@vercel/oidc": ["@vercel/oidc@3.2.0", "", {}, "sha512-UycprH3T6n3jH0k44NHMa7pnFHGu/N05MjojYr+Mc6I7obkoLIJujSWwin1pCvdy/eOxrI/l3uDLQsmcrOb4ug=="],

    "@workflow/serde": ["@workflow/serde@4.1.0", "", {}, "sha512-pav4F2BoirECWR7Nf1TKt+2eETcBj7jj4cBefQ8VXQCA6NPkaKeLfj/zMgi+3zYV5ZIBT4GuUiphsj0/b9hPQQ=="],

    "ai": ["ai@7.0.28", "", { "dependencies": { "@ai-sdk/gateway": "4.0.20", "@ai-sdk/provider": "4.0.3", "@ai-sdk/provider-utils": "5.0.10" }, "peerDependencies": { "zod": "^3.25.76 || ^4.1.8" } }, "sha512-RtynA4e6rWH2YiMX0OJz2h2i+sdJgiItuwqmstYZAiTZ0ZkZzQ8s4KVh7tQfZuDCfzIhRTg+q1h1xirT8AClkw=="],

    "ansi-regex": ["ansi-regex@6.2.2", "", {}, "sha512-Bq3SmSpyFHaWjPk8If9yc6svM8c56dB5BAtW4Qbw5jHTwwXXcTLoRMkpDJp6VL0XzlWaCHTXrkFURMYmD0sLqg=="],

    "buffer-equal-constant-time": ["buffer-equal-constant-time@1.0.1", "", {}, "sha512-zRpUiDwd/xk6ADqPMATG8vc9VPrkck7T07OIx0gnjmJAnHnTVXNQG3vfvWNuiZIkwu9KrKdA1iJKfsfTVxE6NA=="],

    "bun-ffi-structs": ["bun-ffi-structs@0.2.4", "", { "peerDependencies": { "typescript": "^5" } }, "sha512-AJzsqoVFs1KBbJbWHIYrVZLDC3NhTqqh25awRXqzoLzmBAKr5oqk6+CwuYHAekKx+VBCYVohBoKuRq40dV+TYg=="],

    "bun-types": ["bun-types@1.3.14", "", { "dependencies": { "@types/node": "*" } }, "sha512-4N0ig0fEomHt5R0KCFWjovxow98rIoRwKolrYdCcknNwMekCXRnWEUvgu5soYV8QXtVsrUD8B95MBOZGPvr6KQ=="],

    "cli": ["cli@workspace:apps/cli"],

    "cli-spinners": ["cli-spinners@3.4.0", "", {}, "sha512-bXfOC4QcT1tKXGorxL3wbJm6XJPDqEnij2gQ2m7ESQuE+/z9YFIWnl/5RpTiKWbMq3EVKR4fRLJGn6DVfu0mpw=="],

    "cookie-es": ["cookie-es@3.1.1", "", {}, "sha512-UaXxwISYJPTr9hwQxMFYZ7kNhSXboMXP+Z3TRX6f1/NyaGPfuNUZOWP1pUEb75B2HjfklIYLVRfWiFZJyC6Npg=="],

    "csstype": ["csstype@3.2.3", "", {}, "sha512-z1HGKcYy2xA8AGQfwrn0PAy+PB7X/GSj3UVJW9qKyn43xWa+gl5nXmU4qqLMRzWVLFC8KusUX8T/0kCiOYpAIQ=="],

    "db": ["db@workspace:packages/db"],

    "diff": ["diff@9.0.0", "", {}, "sha512-svtcdpS8CgJyqAjEQIXdb3OjhFVVYjzGAPO8WGCmRbrml64SPw/jJD4GoE98aR7r25A0XcgrK3F02yw9R/vhQw=="],

    "ecdsa-sig-formatter": ["ecdsa-sig-formatter@1.0.11", "", { "dependencies": { "safe-buffer": "^5.0.1" } }, "sha512-nagl3RYrbNv6kQkeJIpt6NJZy8twLB/2vtz6yN9Z4vRKHN4/QZJIEbqohALSgwKdnksuY3k5Addp5lg8sVoVcQ=="],

    "emoji-regex": ["emoji-regex@10.6.0", "", {}, "sha512-toUI84YS5YmxW219erniWD0CIVOo46xGKColeNQRgOzDorgBi1v4D71/OFzgD9GO2UGKIv1C3Sp8DAn0+j5w7A=="],

    "eventsource-parser": ["eventsource-parser@3.1.0", "", {}, "sha512-kJezFj9YFAMLeORyi7aCLxLbD5/qWMQnoMVlVPyHIll7lgRJCc3JVln9Vgl9nwQi0YkMnhdGTMNn7CkRRAptMg=="],

    "get-east-asian-width": ["get-east-asian-width@1.6.0", "", {}, "sha512-QRbvDIbx6YklUe6RxeTeleMR0yv3cYH6PsPZHcnVn7xv7zO1BHN8r0XETu8n6Ye3Q+ahtSarc3WgtNWmehIBfA=="],

    "hono": ["hono@4.12.30", "", {}, "sha512-emn+JoJjrN9YTpRDS5it/UI2SO9BAE37T6I3d963RxcZ81G9A4pr2SZTEiiaiKbzx+NKRg5BZ89fCL7gCJCUog=="],

    "json-schema": ["json-schema@0.4.0", "", {}, "sha512-es94M3nTIfsEPisRafak+HDLfHXnKBhV3vU5eqPcS3flIWqcxJWgXHXiey3YrpaNsanY5ei1VoYEbOzijuq9BA=="],

    "jsonwebtoken": ["jsonwebtoken@9.0.3", "", { "dependencies": { "jws": "^4.0.1", "lodash.includes": "^4.3.0", "lodash.isboolean": "^3.0.3", "lodash.isinteger": "^4.0.4", "lodash.isnumber": "^3.0.3", "lodash.isplainobject": "^4.0.6", "lodash.isstring": "^4.0.1", "lodash.once": "^4.0.0", "ms": "^2.1.1", "semver": "^7.5.4" } }, "sha512-MT/xP0CrubFRNLNKvxJ2BYfy53Zkm++5bX9dtuPbqAeQpTVe0MQTFhao8+Cp//EmJp244xt6Drw/GVEGCUj40g=="],

    "jwa": ["jwa@2.0.1", "", { "dependencies": { "buffer-equal-constant-time": "^1.0.1", "ecdsa-sig-formatter": "1.0.11", "safe-buffer": "^5.0.1" } }, "sha512-hRF04fqJIP8Abbkq5NKGN0Bbr3JxlQ+qhZufXVr0DvujKy93ZCbXZMHDL4EOtodSbCWxOqR8MS1tXA5hwqCXDg=="],

    "jws": ["jws@4.0.1", "", { "dependencies": { "jwa": "^2.0.1", "safe-buffer": "^5.0.1" } }, "sha512-EKI/M/yqPncGUUh44xz0PxSidXFr/+r0pA70+gIYhjv+et7yxM+s29Y+VGDkovRofQem0fs7Uvf4+YmAdyRduA=="],

    "lodash.includes": ["lodash.includes@4.3.0", "", {}, "sha512-W3Bx6mdkRTGtlJISOvVD/lbqjTlPPUDTMnlXZFnVwi9NKJ6tiAk6LVdlhZMm17VZisqhKcgzpO5Wz91PCt5b0w=="],

    "lodash.isboolean": ["lodash.isboolean@3.0.3", "", {}, "sha512-Bz5mupy2SVbPHURB98VAcw+aHh4vRV5IPNhILUCsOzRmsTmSQ17jIuqopAentWoehktxGd9e/hbIXq980/1QJg=="],

    "lodash.isinteger": ["lodash.isinteger@4.0.4", "", {}, "sha512-DBwtEWN2caHQ9/imiNeEA5ys1JoRtRfY3d7V9wkqtbycnAmTvRRmbHKDV4a0EYc678/dia0jrte4tjYwVBaZUA=="],

    "lodash.isnumber": ["lodash.isnumber@3.0.3", "", {}, "sha512-QYqzpfwO3/CWf3XP+Z+tkQsfaLL/EnUlXWVkIk5FUPc4sBdTehEqZONuyRt2P67PXAk+NXmTBcc97zw9t1FQrw=="],

    "lodash.isplainobject": ["lodash.isplainobject@4.0.6", "", {}, "sha512-oSXzaWypCMHkPC3NvBEaPHf0KsA5mvPrOPgQWDsbg8n7orZ290M0BmC/jgRZ4vcJ6DTAhjrsSYgdsW/F+MFOBA=="],

    "lodash.isstring": ["lodash.isstring@4.0.1", "", {}, "sha512-0wJxfxH1wgO3GrbuP+dTTk7op+6L41QCXbGINEmD+ny/G/eCqGzxyCsh7159S+mgDDcoarnBw6PC1PS5+wUGgw=="],

    "lodash.once": ["lodash.once@4.1.1", "", {}, "sha512-Sb487aTOCr9drQVL8pIxOzVhafOjZN9UU54hiN8PU3uAiSV7lx1yYNpbNmex2PK6dSJoNTSJUUswT651yww3Mg=="],

    "marked": ["marked@17.0.1", "", { "bin": { "marked": "bin/marked.js" } }, "sha512-boeBdiS0ghpWcSwoNm/jJBwdpFaMnZWRzjA6SkUMYb40SVaN1x7mmfGKp0jvexGcx+7y2La5zRZsYFZI6Qpypg=="],

    "ms": ["ms@2.1.3", "", {}, "sha512-6FlzubTLZG3J2a/NVCAleEhjzq5oxgHyaCU9yYXvcLsvoVaHJq/s5xXI6/XXP6tz7R9xAOtHnSO/tXtF3WRTlA=="],

    "opentui-spinner": ["opentui-spinner@0.0.7", "", { "dependencies": { "cli-spinners": "^3.3.0" }, "peerDependencies": { "@opentui/core": "^0.3.4", "@opentui/react": "^0.3.4", "@opentui/solid": "^0.3.4", "typescript": "^5" }, "optionalPeers": ["@opentui/react", "@opentui/solid"] }, "sha512-nPzwAvJG+y9rVEwwHLHqbsMzLnIk2zw+F9LqwA7aYJvpM5gsrKC2rrGi36A+tZpA+1RnWxXeWEgVZMchnaH18Q=="],

    "prettier": ["prettier@3.9.5", "", { "bin": { "prettier": "bin/prettier.cjs" } }, "sha512-/FVl766LpUfB5vXgCYOYa0MeV/441Ia99AeICQIQFTY/Nw0roZwULcXpku5i1/m5kt/baz+s4Zogspd839HSMg=="],

    "react": ["react@19.2.7", "", {}, "sha512-HNe9WslTbXmFK8o8cmwgAeJFSBvt1bPdHCVKtaaV+WlAN36mpT4hcRpwbf3fY56ar2oIXzsBpOAiIRHAdY0OlQ=="],

    "react-devtools-core": ["react-devtools-core@7.0.1", "", { "dependencies": { "shell-quote": "^1.6.1", "ws": "^7" } }, "sha512-C3yNvRHaizlpiASzy7b9vbnBGLrhvdhl1CbdU6EnZgxPNbai60szdLtl+VL76UNOt5bOoVTOz5rNWZxgGt+Gsw=="],

    "react-reconciler": ["react-reconciler@0.33.0", "", { "dependencies": { "scheduler": "^0.27.0" }, "peerDependencies": { "react": "^19.2.0" } }, "sha512-KetWRytFv1epdpJc3J4G75I4WrplZE5jOL7Yq0p34+OVOKF4Se7WrdIdVC45XsSSmUTlht2FM/fM1FZb1mfQeA=="],

    "react-router": ["react-router@8.2.0", "", { "dependencies": { "cookie-es": "^3.1.1" }, "peerDependencies": { "react": ">=19.2.7", "react-dom": ">=19.2.7" }, "optionalPeers": ["react-dom"] }, "sha512-uP1LgGNHyilL1u+ZkecQk74DJOKOb6q4NLNYLRJcD/fjoogftNb5/Rj/07o/QBFsY/5MbAKPm1peTCQuVPv9cQ=="],

    "safe-buffer": ["safe-buffer@5.2.1", "", {}, "sha512-rp3So07KcdmmKbGvgaNxQSJr7bGVSVk5S9Eq1F+ppbRo70+YeaDxkw5Dd8NPN+GD6bjnYm2VuPuCXmpuYvmCXQ=="],

    "scheduler": ["scheduler@0.27.0", "", {}, "sha512-eNv+WrVbKu1f3vbYJT/xtiF5syA5HPIMtf9IgY/nKg0sWqzAUEvqY/xm7OcZc/qafLx/iO9FgOmeSAp4v5ti/Q=="],

    "semver": ["semver@7.8.5", "", { "bin": { "semver": "bin/semver.js" } }, "sha512-Y7/KDsb8LjooZpwaqGyulO6DQlksgCncchHGk+sZIY4SBvUocMBEFH5Ur1fI4dV+Jvl0w6cjvucaIi40puRioA=="],

    "server": ["server@workspace:apps/server"],

    "shared": ["shared@workspace:packages/shared"],

    "shell-quote": ["shell-quote@1.10.0", "", {}, "sha512-w1aiOKwKuRgtwAReIIj89puqg+I7GvX4IbLrvmhXbzQsj1+Zwi4VO3+fa6ZF91TWSjIxoEkKnMeHcLEODK5ZXA=="],

    "string-width": ["string-width@7.2.0", "", { "dependencies": { "emoji-regex": "^10.3.0", "get-east-asian-width": "^1.0.0", "strip-ansi": "^7.1.0" } }, "sha512-tsaTIkKW9b4N+AEj+SVA+WhJzV7/zMhcSu78mLKWSk7cXMOSHsBKFWUs0fWwq8QyK3MgJBQRX6Gbi4kYbdvGkQ=="],

    "strip-ansi": ["strip-ansi@7.1.2", "", { "dependencies": { "ansi-regex": "^6.0.1" } }, "sha512-gmBGslpoQJtgnMAvOVqGZpEz9dyoKTCzy2nfz/n8aIFhN/jCE/rCmcxabB6jOOHV+0WNnylOxaxBQPSvcWklhA=="],

    "turbo": ["turbo@2.10.5", "", { "optionalDependencies": { "@turbo/darwin-64": "2.10.5", "@turbo/darwin-arm64": "2.10.5", "@turbo/linux-64": "2.10.5", "@turbo/linux-arm64": "2.10.5", "@turbo/windows-64": "2.10.5", "@turbo/windows-arm64": "2.10.5" }, "bin": { "turbo": "bin/turbo" } }, "sha512-07Y/C7OUp23l4P92PJoYtFNbHjLhftrZH5Ce7dbczS4kX2Re+wtbXvZLoxn/pUtzgsQaRCBaRuZPJp4zmAn0WQ=="],

    "typescript": ["typescript@5.9.2", "", { "bin": { "tsc": "bin/tsc", "tsserver": "bin/tsserver" } }, "sha512-CWBzXQrc/qOkhidw1OzBTQuYRbfyxDXJMVJ1XNwUHGROVmuaeiEm3OslpZ1RV96d7SKKjZKrSJu3+t/xlw3R9A=="],

    "undici-types": ["undici-types@8.3.0", "", {}, "sha512-j375ScV60dom+YkPFIfTLcOiPxkN/buHz5GobjLhixFuANaNs3C9l4GmrWqejgXWJ7BbJcFYpTEUkS1Ge8bpZQ=="],

    "web-tree-sitter": ["web-tree-sitter@0.25.10", "", { "peerDependencies": { "@types/emscripten": "^1.40.0" }, "optionalPeers": ["@types/emscripten"] }, "sha512-Y09sF44/13XvgVKgO2cNDw5rGk6s26MgoZPXLESvMXeefBf7i6/73eFurre0IsTW6E14Y0ArIzhUMmjoc7xyzA=="],

    "ws": ["ws@8.21.1", "", { "peerDependencies": { "bufferutil": "^4.0.1", "utf-8-validate": ">=5.0.2" }, "optionalPeers": ["bufferutil", "utf-8-validate"] }, "sha512-+0NTnW77fFN/DjQi6k/Sq/Yvk4Sgajw7urW8V+asjXnRgDs9gyGkdb7EzgfhA4goXsRIZKE28fzIXBHEzhuiWw=="],

    "zod": ["zod@4.4.3", "", {}, "sha512-ytENFjIJFl2UwYglde2jchW2Hwm4GJFLDiSXWdTrJQBIN9Fcyp7n4DhxJEiWNAJMV1/BqWfW/kkg71UDcHJyTQ=="],

    "react-devtools-core/ws": ["ws@7.5.12", "", { "peerDependencies": { "bufferutil": "^4.0.1", "utf-8-validate": "^5.0.2" }, "optionalPeers": ["bufferutil", "utf-8-validate"] }, "sha512-1xGnbYN3zbog9CwuNDQULNRrTCLIn46/WmpR1f0w6PsCYQHkylZr5vkd6kfMZYV6pRnQkcPNRyiA8LsrNKyhpg=="],

    "shared/typescript": ["typescript@7.0.2", "", { "optionalDependencies": { "@typescript/typescript-aix-ppc64": "7.0.2", "@typescript/typescript-darwin-arm64": "7.0.2", "@typescript/typescript-darwin-x64": "7.0.2", "@typescript/typescript-freebsd-arm64": "7.0.2", "@typescript/typescript-freebsd-x64": "7.0.2", "@typescript/typescript-linux-arm": "7.0.2", "@typescript/typescript-linux-arm64": "7.0.2", "@typescript/typescript-linux-loong64": "7.0.2", "@typescript/typescript-linux-mips64el": "7.0.2", "@typescript/typescript-linux-ppc64": "7.0.2", "@typescript/typescript-linux-riscv64": "7.0.2", "@typescript/typescript-linux-s390x": "7.0.2", "@typescript/typescript-linux-x64": "7.0.2", "@typescript/typescript-netbsd-arm64": "7.0.2", "@typescript/typescript-netbsd-x64": "7.0.2", "@typescript/typescript-openbsd-arm64": "7.0.2", "@typescript/typescript-openbsd-x64": "7.0.2", "@typescript/typescript-sunos-x64": "7.0.2", "@typescript/typescript-win32-arm64": "7.0.2", "@typescript/typescript-win32-x64": "7.0.2" }, "bin": { "tsc": "bin/tsc" } }, "sha512-8FYau96o3NKOhbjKi/qNvG/W5jhzxkbdm5sj9AbZ/5T5sWqn3hJgLfGx27sRKZWTvyzCP8dLRBTf5tBTSRVUNA=="],
  }
}
